
Microsoft Visual Studio Solution File, Format Version 12.00
# Visual Studio Version 17
VisualStudioVersion = 17.8.34316.72
MinimumVisualStudioVersion = 10.0.40219.1
Project("{9A19103F-16F7-4668-BE54-9A1E7A4F7556}") = "PortfolioProject", "PortfolioProject\PortfolioProject.csproj", "{050794A2-55C2-463C-8D5B-C9CC326ECD1C}"
EndProject
Project("{9A19103F-16F7-4668-BE54-9A1E7A4F7556}") = "BusinessLayer", "BusinessLayer\BusinessLayer.csproj", "{869B4821-D83A-44CC-A20D-AE5AB5E7F0AD}"
EndProject
Project("{9A19103F-16F7-4668-BE54-9A1E7A4F7556}") = "DataAccessLayer", "DataAccessLayer\DataAccessLayer.csproj", "{2F3F2D60-45DA-4332-8E65-D20EBB3FB732}"
EndProject
Project("{9A19103F-16F7-4668-BE54-9A1E7A4F7556}") = "EntityLayer", "EntityLayer\EntityLayer.csproj", "{BBFEA22D-EDE9-4798-93FC-BB76EE6932C7}"
EndProject
Project("{FAE04EC0-301F-11D3-BF4B-00C04F79EFBC}") = "APILayer", "APILayer\APILayer.csproj", "{B7C79B6B-F058-49CA-9F50-1A90BD452F63}"
EndProject
Global
	GlobalSection(SolutionConfigurationPlatforms) = preSolution
		Debug|Any CPU = Debug|Any CPU
		Release|Any CPU = Release|Any CPU
	EndGlobalSection
	GlobalSection(ProjectConfigurationPlatforms) = postSolution
		{050794A2-55C2-463C-8D5B-C9CC326ECD1C}.Debug|Any CPU.ActiveCfg = Debug|Any CPU
		{050794A2-55C2-463C-8D5B-C9CC326ECD1C}.Debug|Any CPU.Build.0 = Debug|Any CPU
		{050794A2-55C2-463C-8D5B-C9CC326ECD1C}.Release|Any CPU.ActiveCfg = Release|Any CPU
		{050794A2-55C2-463C-8D5B-C9CC326ECD1C}.Release|Any CPU.Build.0 = Release|Any CPU
		{869B4821-D83A-44CC-A20D-AE5AB5E7F0AD}.Debug|Any CPU.ActiveCfg = Debug|Any CPU
		{869B4821-D83A-44CC-A20D-AE5AB5E7F0AD}.Debug|Any CPU.Build.0 = Debug|Any CPU
		{869B4821-D83A-44CC-A20D-AE5AB5E7F0AD}.Release|Any CPU.ActiveCfg = Release|Any CPU
		{869B4821-D83A-44CC-A20D-AE5AB5E7F0AD}.Release|Any CPU.Build.0 = Release|Any CPU
		{2F3F2D60-45DA-4332-8E65-D20EBB3FB732}.Debug|Any CPU.ActiveCfg = Debug|Any CPU
		{2F3F2D60-45DA-4332-8E65-D20EBB3FB732}.Debug|Any CPU.Build.0 = Debug|Any CPU
		{2F3F2D60-45DA-4332-8E65-D20EBB3FB732}.Release|Any CPU.ActiveCfg = Release|Any CPU
		{2F3F2D60-45DA-4332-8E65-D20EBB3FB732}.Release|Any CPU.Build.0 = Release|Any CPU
		{BBFEA22D-EDE9-4798-93FC-BB76EE6932C7}.Debug|Any CPU.ActiveCfg = Debug|Any CPU
		{BBFEA22D-EDE9-4798-93FC-BB76EE6932C7}.Debug|Any CPU.Build.0 = Debug|Any CPU
		{BBFEA22D-EDE9-4798-93FC-BB76EE6932C7}.Release|Any CPU.ActiveCfg = Release|Any CPU
		{BBFEA22D-EDE9-4798-93FC-BB76EE6932C7}.Release|Any CPU.Build.0 = Release|Any CPU
		{B7C79B6B-F058-49CA-9F50-1A90BD452F63}.Debug|Any CPU.ActiveCfg = Debug|Any CPU
		{B7C79B6B-F058-49CA-9F50-1A90BD452F63}.Debug|Any CPU.Build.0 = Debug|Any CPU
		{B7C79B6B-F058-49CA-9F50-1A90BD452F63}.Release|Any CPU.ActiveCfg = Release|Any CPU
		{B7C79B6B-F058-49CA-9F50-1A90BD452F63}.Release|Any CPU.Build.0 = Release|Any CPU
	EndGlobalSection
	GlobalSection(SolutionProperties) = preSolution
		HideSolutionNode = FALSE
	EndGlobalSection
	GlobalSection(ExtensibilityGlobals) = postSolution
		SolutionGuid = {445BAEE4-6C1A-43EF-AC01-38B48377D850}
	EndGlobalSection
EndGlobal
